
Microsoft Visual Studio Solution File, Format Version 12.00
# Visual Studio 15
VisualStudioVersion = 15.0.27130.2010
MinimumVisualStudioVersion = 10.0.40219.1
Project("{FAE04EC0-301F-11D3-BF4B-00C04F79EFBC}") = "FiveOne Tutorial", "ChapterFiveCode\FiveOne Tutorial.csproj", "{6037D40C-D5E6-4FE1-AB20-44C6FF8C5FD2}"
EndProject
Global
	GlobalSection(SolutionConfigurationPlatforms) = preSolution
		Debug|Any CPU = Debug|Any CPU
		Release|Any CPU = Release|Any CPU
	EndGlobalSection
	GlobalSection(ProjectConfigurationPlatforms) = postSolution
		{6037D40C-D5E6-4FE1-AB20-44C6FF8C5FD2}.Debug|Any CPU.ActiveCfg = Debug|Any CPU
		{6037D40C-D5E6-4FE1-AB20-44C6FF8C5FD2}.Debug|Any CPU.Build.0 = Debug|Any CPU
		{6037D40C-D5E6-4FE1-AB20-44C6FF8C5FD2}.Release|Any CPU.ActiveCfg = Release|Any CPU
		{6037D40C-D5E6-4FE1-AB20-44C6FF8C5FD2}.Release|Any CPU.Build.0 = Release|Any CPU
	EndGlobalSection
	GlobalSection(SolutionProperties) = preSolution
		HideSolutionNode = FALSE
	EndGlobalSection
	GlobalSection(ExtensibilityGlobals) = postSolution
		SolutionGuid = {1321013D-094C-4804-A0BC-843C812C2C4A}
	EndGlobalSection
EndGlobal
